
Microsoft Visual Studio Solution File, Format Version 12.00
# Visual Studio Version 17
VisualStudioVersion = 17.13.35818.85
MinimumVisualStudioVersion = 10.0.40219.1
Project("{FAE04EC0-301F-11D3-BF4B-00C04F79EFBC}") = "MultiplayerServer.Sample", "MultiplayerServer.Sample\MultiplayerServer.Sample\MultiplayerServer.Sample.csproj", "{C32F97C7-877F-C104-F176-FD282F85B723}"
EndProject
Project("{FAE04EC0-301F-11D3-BF4B-00C04F79EFBC}") = "MultiplayerServer.Sample.Windows", "MultiplayerServer.Sample\MultiplayerServer.Sample.Windows\MultiplayerServer.Sample.Windows.csproj", "{8609D1BF-86B8-8B08-6848-F66D69F4652E}"
EndProject
Project("{FAE04EC0-301F-11D3-BF4B-00C04F79EFBC}") = "LightPhoenixBA.StrideExtentions.MultiplayerBase", "MP_Stride_MultiplayerBase\LightPhoenixBA.StrideExtentions.MultiplayerBase.csproj", "{6B1E9EE5-D51D-D966-16D3-ACB73D845E91}"
EndProject
Global
	GlobalSection(SolutionConfigurationPlatforms) = preSolution
		Debug|Any CPU = Debug|Any CPU
		Release|Any CPU = Release|Any CPU
	EndGlobalSection
	GlobalSection(ProjectConfigurationPlatforms) = postSolution
		{C32F97C7-877F-C104-F176-FD282F85B723}.Debug|Any CPU.ActiveCfg = Debug|Any CPU
		{C32F97C7-877F-C104-F176-FD282F85B723}.Debug|Any CPU.Build.0 = Debug|Any CPU
		{C32F97C7-877F-C104-F176-FD282F85B723}.Release|Any CPU.ActiveCfg = Release|Any CPU
		{C32F97C7-877F-C104-F176-FD282F85B723}.Release|Any CPU.Build.0 = Release|Any CPU
		{8609D1BF-86B8-8B08-6848-F66D69F4652E}.Debug|Any CPU.ActiveCfg = Debug|Any CPU
		{8609D1BF-86B8-8B08-6848-F66D69F4652E}.Debug|Any CPU.Build.0 = Debug|Any CPU
		{8609D1BF-86B8-8B08-6848-F66D69F4652E}.Release|Any CPU.ActiveCfg = Release|Any CPU
		{8609D1BF-86B8-8B08-6848-F66D69F4652E}.Release|Any CPU.Build.0 = Release|Any CPU
		{6B1E9EE5-D51D-D966-16D3-ACB73D845E91}.Debug|Any CPU.ActiveCfg = Debug|Any CPU
		{6B1E9EE5-D51D-D966-16D3-ACB73D845E91}.Debug|Any CPU.Build.0 = Debug|Any CPU
		{6B1E9EE5-D51D-D966-16D3-ACB73D845E91}.Release|Any CPU.ActiveCfg = Release|Any CPU
		{6B1E9EE5-D51D-D966-16D3-ACB73D845E91}.Release|Any CPU.Build.0 = Release|Any CPU
	EndGlobalSection
	GlobalSection(SolutionProperties) = preSolution
		HideSolutionNode = FALSE
	EndGlobalSection
	GlobalSection(ExtensibilityGlobals) = postSolution
		SolutionGuid = {C36265D3-AE7B-4305-A907-A8B000B5DF1C}
	EndGlobalSection
EndGlobal
