
Microsoft Visual Studio Solution File, Format Version 12.00
# Visual Studio Version 17
VisualStudioVersion = 17.13.35818.85
MinimumVisualStudioVersion = 16.0.0.0
Project("{FAE04EC0-301F-11D3-BF4B-00C04F79EFBC}") = "MP_StrideClientGame", "MP_GameStrideClient\MP_StrideClientGame.csproj", "{49408E55-97FA-323F-EC47-83952780ABB7}"
EndProject
Project("{FAE04EC0-301F-11D3-BF4B-00C04F79EFBC}") = "MP_StrideClientGame.Windows", "MP_GameStrideClient.Windows\MP_StrideClientGame.Windows.csproj", "{21A140F1-6FFB-7B1D-7E03-B76064959EB1}"
EndProject
Project("{FAE04EC0-301F-11D3-BF4B-00C04F79EFBC}") = "Lidgren.Network", "..\..\Lidgren network\Lidgren.Network\Lidgren.Network.csproj", "{E228CE14-7482-438D-B3C9-0804C3001C06}"
EndProject
Project("{FAE04EC0-301F-11D3-BF4B-00C04F79EFBC}") = "MP_StrideMultiplayerBase", "..\MP_GameBase\MP_StrideMultiplayerBase.csproj", "{4FC5E957-BA16-466D-828D-ACF79325AEB7}"
EndProject
Global
	GlobalSection(SolutionConfigurationPlatforms) = preSolution
		Debug|Any CPU = Debug|Any CPU
		Release|Any CPU = Release|Any CPU
	EndGlobalSection
	GlobalSection(ProjectConfigurationPlatforms) = postSolution
		{49408E55-97FA-323F-EC47-83952780ABB7}.Debug|Any CPU.ActiveCfg = Debug|Any CPU
		{49408E55-97FA-323F-EC47-83952780ABB7}.Debug|Any CPU.Build.0 = Debug|Any CPU
		{49408E55-97FA-323F-EC47-83952780ABB7}.Release|Any CPU.ActiveCfg = Release|Any CPU
		{49408E55-97FA-323F-EC47-83952780ABB7}.Release|Any CPU.Build.0 = Release|Any CPU
		{21A140F1-6FFB-7B1D-7E03-B76064959EB1}.Debug|Any CPU.ActiveCfg = Debug|Any CPU
		{21A140F1-6FFB-7B1D-7E03-B76064959EB1}.Debug|Any CPU.Build.0 = Debug|Any CPU
		{21A140F1-6FFB-7B1D-7E03-B76064959EB1}.Release|Any CPU.ActiveCfg = Release|Any CPU
		{21A140F1-6FFB-7B1D-7E03-B76064959EB1}.Release|Any CPU.Build.0 = Release|Any CPU
	EndGlobalSection
	GlobalSection(SolutionProperties) = preSolution
		HideSolutionNode = FALSE
	EndGlobalSection
	GlobalSection(ExtensibilityGlobals) = postSolution
		SolutionGuid = {769F9893-5497-460C-9AC7-503D4A5DFE2E}
	EndGlobalSection
EndGlobal
